
Microsoft Visual Studio Solution File, Format Version 12.00
# Visual Studio Version 17
VisualStudioVersion = 17.5.33424.131
MinimumVisualStudioVersion = 10.0.40219.1
Project("{FAE04EC0-301F-11D3-BF4B-00C04F79EFBC}") = "AS2_WEB", "AS2_WEB\AS2_WEB.csproj", "{AC0351A1-5D89-4E1E-A00A-C58CA16BAF04}"
EndProject
Global
	GlobalSection(SolutionConfigurationPlatforms) = preSolution
		Debug|Any CPU = Debug|Any CPU
		Release|Any CPU = Release|Any CPU
	EndGlobalSection
	GlobalSection(ProjectConfigurationPlatforms) = postSolution
		{AC0351A1-5D89-4E1E-A00A-C58CA16BAF04}.Debug|Any CPU.ActiveCfg = Debug|Any CPU
		{AC0351A1-5D89-4E1E-A00A-C58CA16BAF04}.Debug|Any CPU.Build.0 = Debug|Any CPU
		{AC0351A1-5D89-4E1E-A00A-C58CA16BAF04}.Release|Any CPU.ActiveCfg = Release|Any CPU
		{AC0351A1-5D89-4E1E-A00A-C58CA16BAF04}.Release|Any CPU.Build.0 = Release|Any CPU
	EndGlobalSection
	GlobalSection(SolutionProperties) = preSolution
		HideSolutionNode = FALSE
	EndGlobalSection
	GlobalSection(ExtensibilityGlobals) = postSolution
		SolutionGuid = {C6CFEFFB-EA90-4492-B16D-ACA85BD0EF2A}
	EndGlobalSection
EndGlobal
